{
  "name": "my-portfolio",
  "version": "1.0.0",
  "lockfileVersion": 1,
  "requires": true,
  "dependencies": {
    "animate.css": {
      "version": "4.1.0",
      "resolved": "https://registry.npmjs.org/animate.css/-/animate.css-4.1.0.tgz",
      "integrity": "sha512-0aVcfWDeU9ykV6vjn1P67ZSs01jxoUQZCGaYbkk0SIIelIG8kUdLrIkua1+VabHfTtsSivDRMMn0ILPvZum2gw=="
    },
    "slick-carousel": {
      "version": "1.8.1",
      "resolved": "https://registry.npmjs.org/slick-carousel/-/slick-carousel-1.8.1.tgz",
      "integrity": "sha512-XB9Ftrf2EEKfzoQXt3Nitrt/IPbT+f1fgqBdoxO3W/+JYvtEOW6EgxnWfr9GH6nmULv7Y2tPmEX3koxThVmebA=="
    },
    "slick-lightbox": {
      "version": "0.2.12",
      "resolved": "https://registry.npmjs.org/slick-lightbox/-/slick-lightbox-0.2.12.tgz",
      "integrity": "sha512-OwY/gDvh8Xc7wvch/71U8iK+2rXQS0dAzJZvCO8c4u9ZbxQEdnUz8UjyDQJENALXPhrnXXz/yC8qwUhJEoJhcA=="
    },
    "typed.js": {
      "version": "2.0.11",
      "resolved": "https://registry.npmjs.org/typed.js/-/typed.js-2.0.11.tgz",
      "integrity": "sha512-1ZORHalEyLob34q738mqmwp0pT6syMigB1SZuTItqdhovWBKFIt7I5uVALXAGQZCg2MCtihCt6uqkoqPJK+9iQ=="
    },
    "vivus": {
      "version": "0.4.5",
      "resolved": "https://registry.npmjs.org/vivus/-/vivus-0.4.5.tgz",
      "integrity": "sha512-dBM5QDcO0JUnoeGUROhMYVBW4Qry637iQ1o6vLDaEVzu0TAQ3tVlzeQlLGYPjegCxcY1nC8FtyTjsZ8rqXVL4Q=="
    }
  }
}
